
Microsoft Visual Studio Solution File, Format Version 12.00
# Visual Studio Version 16
VisualStudioVersion = 16.0.30225.117
MinimumVisualStudioVersion = 10.0.40219.1
Project("{FAE04EC0-301F-11D3-BF4B-00C04F79EFBC}") = "cpl", "cpl\cpl.csproj", "{6E22F055-3756-43C7-9998-52E6EE81303E}"
EndProject
Global
	GlobalSection(SolutionConfigurationPlatforms) = preSolution
		Debug|Any CPU = Debug|Any CPU
		Release|Any CPU = Release|Any CPU
	EndGlobalSection
	GlobalSection(ProjectConfigurationPlatforms) = postSolution
		{6E22F055-3756-43C7-9998-52E6EE81303E}.Debug|Any CPU.ActiveCfg = Debug|Any CPU
		{6E22F055-3756-43C7-9998-52E6EE81303E}.Debug|Any CPU.Build.0 = Debug|Any CPU
		{6E22F055-3756-43C7-9998-52E6EE81303E}.Release|Any CPU.ActiveCfg = Release|Any CPU
		{6E22F055-3756-43C7-9998-52E6EE81303E}.Release|Any CPU.Build.0 = Release|Any CPU
	EndGlobalSection
	GlobalSection(SolutionProperties) = preSolution
		HideSolutionNode = FALSE
	EndGlobalSection
	GlobalSection(ExtensibilityGlobals) = postSolution
		SolutionGuid = {C08D374E-5DF9-4633-B186-C1AA3141D04F}
	EndGlobalSection
EndGlobal
