
Microsoft Visual Studio Solution File, Format Version 12.00
# Visual Studio Version 16
VisualStudioVersion = 16.0.30225.117
MinimumVisualStudioVersion = 10.0.40219.1
Project("{FAE04EC0-301F-11D3-BF4B-00C04F79EFBC}") = "lab14", "lab14\lab14.csproj", "{8F006048-D45E-48CD-B5E7-8760593E5A84}"
EndProject
Global
	GlobalSection(SolutionConfigurationPlatforms) = preSolution
		Debug|Any CPU = Debug|Any CPU
		Release|Any CPU = Release|Any CPU
	EndGlobalSection
	GlobalSection(ProjectConfigurationPlatforms) = postSolution
		{8F006048-D45E-48CD-B5E7-8760593E5A84}.Debug|Any CPU.ActiveCfg = Debug|Any CPU
		{8F006048-D45E-48CD-B5E7-8760593E5A84}.Debug|Any CPU.Build.0 = Debug|Any CPU
		{8F006048-D45E-48CD-B5E7-8760593E5A84}.Release|Any CPU.ActiveCfg = Release|Any CPU
		{8F006048-D45E-48CD-B5E7-8760593E5A84}.Release|Any CPU.Build.0 = Release|Any CPU
	EndGlobalSection
	GlobalSection(SolutionProperties) = preSolution
		HideSolutionNode = FALSE
	EndGlobalSection
	GlobalSection(ExtensibilityGlobals) = postSolution
		SolutionGuid = {8085AB06-A048-4560-92EF-0DB3EB24FE89}
	EndGlobalSection
EndGlobal
