
Microsoft Visual Studio Solution File, Format Version 12.00
# Visual Studio Version 16
VisualStudioVersion = 16.0.30225.117
MinimumVisualStudioVersion = 10.0.40219.1
Project("{FAE04EC0-301F-11D3-BF4B-00C04F79EFBC}") = "lab15", "lab15\lab15.csproj", "{8EF779CC-60BA-4CC5-AD33-B05E967784AA}"
EndProject
Global
	GlobalSection(SolutionConfigurationPlatforms) = preSolution
		Debug|Any CPU = Debug|Any CPU
		Release|Any CPU = Release|Any CPU
	EndGlobalSection
	GlobalSection(ProjectConfigurationPlatforms) = postSolution
		{8EF779CC-60BA-4CC5-AD33-B05E967784AA}.Debug|Any CPU.ActiveCfg = Debug|Any CPU
		{8EF779CC-60BA-4CC5-AD33-B05E967784AA}.Debug|Any CPU.Build.0 = Debug|Any CPU
		{8EF779CC-60BA-4CC5-AD33-B05E967784AA}.Release|Any CPU.ActiveCfg = Release|Any CPU
		{8EF779CC-60BA-4CC5-AD33-B05E967784AA}.Release|Any CPU.Build.0 = Release|Any CPU
	EndGlobalSection
	GlobalSection(SolutionProperties) = preSolution
		HideSolutionNode = FALSE
	EndGlobalSection
	GlobalSection(ExtensibilityGlobals) = postSolution
		SolutionGuid = {09E6E6F6-E646-44A0-AF9D-FB7F1E643D88}
	EndGlobalSection
EndGlobal
