
Microsoft Visual Studio Solution File, Format Version 12.00
# Visual Studio Version 16
VisualStudioVersion = 16.0.30225.117
MinimumVisualStudioVersion = 10.0.40219.1
Project("{FAE04EC0-301F-11D3-BF4B-00C04F79EFBC}") = "coursepj", "coursepj\coursepj.csproj", "{022A46CA-03A7-47A8-B3AE-519C87A51A84}"
EndProject
Global
	GlobalSection(SolutionConfigurationPlatforms) = preSolution
		Debug|Any CPU = Debug|Any CPU
		Release|Any CPU = Release|Any CPU
	EndGlobalSection
	GlobalSection(ProjectConfigurationPlatforms) = postSolution
		{022A46CA-03A7-47A8-B3AE-519C87A51A84}.Debug|Any CPU.ActiveCfg = Debug|Any CPU
		{022A46CA-03A7-47A8-B3AE-519C87A51A84}.Debug|Any CPU.Build.0 = Debug|Any CPU
		{022A46CA-03A7-47A8-B3AE-519C87A51A84}.Release|Any CPU.ActiveCfg = Release|Any CPU
		{022A46CA-03A7-47A8-B3AE-519C87A51A84}.Release|Any CPU.Build.0 = Release|Any CPU
	EndGlobalSection
	GlobalSection(SolutionProperties) = preSolution
		HideSolutionNode = FALSE
	EndGlobalSection
	GlobalSection(ExtensibilityGlobals) = postSolution
		SolutionGuid = {A125F1A6-BB6D-4E0E-A534-27D04B57B1AF}
	EndGlobalSection
EndGlobal
