
Microsoft Visual Studio Solution File, Format Version 12.00
# Visual Studio Version 16
VisualStudioVersion = 16.0.30225.117
MinimumVisualStudioVersion = 10.0.40219.1
Project("{FAE04EC0-301F-11D3-BF4B-00C04F79EFBC}") = "WindowsFormsApp1", "WindowsFormsApp1\WindowsFormsApp1.csproj", "{C0A6C67A-16D6-4D92-8152-35E49BC0A373}"
EndProject
Global
	GlobalSection(SolutionConfigurationPlatforms) = preSolution
		Debug|Any CPU = Debug|Any CPU
		Release|Any CPU = Release|Any CPU
	EndGlobalSection
	GlobalSection(ProjectConfigurationPlatforms) = postSolution
		{C0A6C67A-16D6-4D92-8152-35E49BC0A373}.Debug|Any CPU.ActiveCfg = Debug|Any CPU
		{C0A6C67A-16D6-4D92-8152-35E49BC0A373}.Debug|Any CPU.Build.0 = Debug|Any CPU
		{C0A6C67A-16D6-4D92-8152-35E49BC0A373}.Release|Any CPU.ActiveCfg = Release|Any CPU
		{C0A6C67A-16D6-4D92-8152-35E49BC0A373}.Release|Any CPU.Build.0 = Release|Any CPU
	EndGlobalSection
	GlobalSection(SolutionProperties) = preSolution
		HideSolutionNode = FALSE
	EndGlobalSection
	GlobalSection(ExtensibilityGlobals) = postSolution
		SolutionGuid = {917CC518-C555-4158-869A-F31C2C636DF6}
	EndGlobalSection
EndGlobal
