
Microsoft Visual Studio Solution File, Format Version 12.00
# Visual Studio Version 16
VisualStudioVersion = 16.0.30225.117
MinimumVisualStudioVersion = 10.0.40219.1
Project("{FAE04EC0-301F-11D3-BF4B-00C04F79EFBC}") = "lab2", "lab2\lab2.csproj", "{37BE57F6-6A26-4EB1-A0B4-11A6AE637E87}"
EndProject
Global
	GlobalSection(SolutionConfigurationPlatforms) = preSolution
		Debug|Any CPU = Debug|Any CPU
		Release|Any CPU = Release|Any CPU
	EndGlobalSection
	GlobalSection(ProjectConfigurationPlatforms) = postSolution
		{37BE57F6-6A26-4EB1-A0B4-11A6AE637E87}.Debug|Any CPU.ActiveCfg = Debug|Any CPU
		{37BE57F6-6A26-4EB1-A0B4-11A6AE637E87}.Debug|Any CPU.Build.0 = Debug|Any CPU
		{37BE57F6-6A26-4EB1-A0B4-11A6AE637E87}.Release|Any CPU.ActiveCfg = Release|Any CPU
		{37BE57F6-6A26-4EB1-A0B4-11A6AE637E87}.Release|Any CPU.Build.0 = Release|Any CPU
	EndGlobalSection
	GlobalSection(SolutionProperties) = preSolution
		HideSolutionNode = FALSE
	EndGlobalSection
	GlobalSection(ExtensibilityGlobals) = postSolution
		SolutionGuid = {E403254C-6F54-46BB-8132-06040F63A4D5}
	EndGlobalSection
EndGlobal
