
Microsoft Visual Studio Solution File, Format Version 12.00
# Visual Studio Version 16
VisualStudioVersion = 16.0.30225.117
MinimumVisualStudioVersion = 10.0.40219.1
Project("{FAE04EC0-301F-11D3-BF4B-00C04F79EFBC}") = "lab12", "lab12\lab12.csproj", "{798002AB-1D2C-4171-84DA-518C96FE279B}"
EndProject
Global
	GlobalSection(SolutionConfigurationPlatforms) = preSolution
		Debug|Any CPU = Debug|Any CPU
		Release|Any CPU = Release|Any CPU
	EndGlobalSection
	GlobalSection(ProjectConfigurationPlatforms) = postSolution
		{798002AB-1D2C-4171-84DA-518C96FE279B}.Debug|Any CPU.ActiveCfg = Debug|Any CPU
		{798002AB-1D2C-4171-84DA-518C96FE279B}.Debug|Any CPU.Build.0 = Debug|Any CPU
		{798002AB-1D2C-4171-84DA-518C96FE279B}.Release|Any CPU.ActiveCfg = Release|Any CPU
		{798002AB-1D2C-4171-84DA-518C96FE279B}.Release|Any CPU.Build.0 = Release|Any CPU
	EndGlobalSection
	GlobalSection(SolutionProperties) = preSolution
		HideSolutionNode = FALSE
	EndGlobalSection
	GlobalSection(ExtensibilityGlobals) = postSolution
		SolutionGuid = {3C8E9485-94BB-4043-9872-898F12CC1158}
	EndGlobalSection
EndGlobal
