
Microsoft Visual Studio Solution File, Format Version 12.00
# Visual Studio Version 16
VisualStudioVersion = 16.0.30225.117
MinimumVisualStudioVersion = 10.0.40219.1
Project("{FAE04EC0-301F-11D3-BF4B-00C04F79EFBC}") = "lab3", "lab3\lab3.csproj", "{30C89977-1C40-45AE-A111-1318A3B3A866}"
EndProject
Global
	GlobalSection(SolutionConfigurationPlatforms) = preSolution
		Debug|Any CPU = Debug|Any CPU
		Release|Any CPU = Release|Any CPU
	EndGlobalSection
	GlobalSection(ProjectConfigurationPlatforms) = postSolution
		{30C89977-1C40-45AE-A111-1318A3B3A866}.Debug|Any CPU.ActiveCfg = Debug|Any CPU
		{30C89977-1C40-45AE-A111-1318A3B3A866}.Debug|Any CPU.Build.0 = Debug|Any CPU
		{30C89977-1C40-45AE-A111-1318A3B3A866}.Release|Any CPU.ActiveCfg = Release|Any CPU
		{30C89977-1C40-45AE-A111-1318A3B3A866}.Release|Any CPU.Build.0 = Release|Any CPU
	EndGlobalSection
	GlobalSection(SolutionProperties) = preSolution
		HideSolutionNode = FALSE
	EndGlobalSection
	GlobalSection(ExtensibilityGlobals) = postSolution
		SolutionGuid = {7BEE2145-53F7-4687-B913-05A8113DC40B}
	EndGlobalSection
EndGlobal
