
Microsoft Visual Studio Solution File, Format Version 12.00
# Visual Studio Version 16
VisualStudioVersion = 16.0.30717.126
MinimumVisualStudioVersion = 10.0.40219.1
Project("{FAE04EC0-301F-11D3-BF4B-00C04F79EFBC}") = "koma4", "koma4.csproj", "{CF670813-0ABC-4843-9DCF-F4EC79CE0FFE}"
EndProject
Global
	GlobalSection(SolutionConfigurationPlatforms) = preSolution
		Debug|Any CPU = Debug|Any CPU
		Release|Any CPU = Release|Any CPU
	EndGlobalSection
	GlobalSection(ProjectConfigurationPlatforms) = postSolution
		{CF670813-0ABC-4843-9DCF-F4EC79CE0FFE}.Debug|Any CPU.ActiveCfg = Debug|Any CPU
		{CF670813-0ABC-4843-9DCF-F4EC79CE0FFE}.Debug|Any CPU.Build.0 = Debug|Any CPU
		{CF670813-0ABC-4843-9DCF-F4EC79CE0FFE}.Release|Any CPU.ActiveCfg = Release|Any CPU
		{CF670813-0ABC-4843-9DCF-F4EC79CE0FFE}.Release|Any CPU.Build.0 = Release|Any CPU
	EndGlobalSection
	GlobalSection(SolutionProperties) = preSolution
		HideSolutionNode = FALSE
	EndGlobalSection
	GlobalSection(ExtensibilityGlobals) = postSolution
		SolutionGuid = {6264930A-99EE-443F-8997-A31B5B72312F}
	EndGlobalSection
EndGlobal
